
Microsoft Visual Studio Solution File, Format Version 12.00
# Visual Studio Version 16
VisualStudioVersion = 16.0.30611.23
MinimumVisualStudioVersion = 10.0.40219.1
Project("{FAE04EC0-301F-11D3-BF4B-00C04F79EFBC}") = "BlockBusterLab", "BlockBusterLab\BlockBusterLab.csproj", "{BED9481E-4EEF-4699-9619-F13F82781EE3}"
EndProject
Global
	GlobalSection(SolutionConfigurationPlatforms) = preSolution
		Debug|Any CPU = Debug|Any CPU
		Release|Any CPU = Release|Any CPU
	EndGlobalSection
	GlobalSection(ProjectConfigurationPlatforms) = postSolution
		{BED9481E-4EEF-4699-9619-F13F82781EE3}.Debug|Any CPU.ActiveCfg = Debug|Any CPU
		{BED9481E-4EEF-4699-9619-F13F82781EE3}.Debug|Any CPU.Build.0 = Debug|Any CPU
		{BED9481E-4EEF-4699-9619-F13F82781EE3}.Release|Any CPU.ActiveCfg = Release|Any CPU
		{BED9481E-4EEF-4699-9619-F13F82781EE3}.Release|Any CPU.Build.0 = Release|Any CPU
	EndGlobalSection
	GlobalSection(SolutionProperties) = preSolution
		HideSolutionNode = FALSE
	EndGlobalSection
	GlobalSection(ExtensibilityGlobals) = postSolution
		SolutionGuid = {01254201-0269-4DFF-A7FC-7AED00A6CB39}
	EndGlobalSection
EndGlobal
